
Microsoft Visual Studio Solution File, Format Version 12.00
# Visual Studio Version 17
VisualStudioVersion = 17.14.36518.9 d17.14
MinimumVisualStudioVersion = 10.0.40219.1
Project("{FAE04EC0-301F-11D3-BF4B-00C04F79EFBC}") = "ProyectoP1", "ProyectoP1.csproj", "{458BB2A5-E5BE-4C8C-A2E4-754C85ACA5DF}"
EndProject
Global
	GlobalSection(SolutionConfigurationPlatforms) = preSolution
		Debug|Any CPU = Debug|Any CPU
		Release|Any CPU = Release|Any CPU
	EndGlobalSection
	GlobalSection(ProjectConfigurationPlatforms) = postSolution
		{458BB2A5-E5BE-4C8C-A2E4-754C85ACA5DF}.Debug|Any CPU.ActiveCfg = Debug|Any CPU
		{458BB2A5-E5BE-4C8C-A2E4-754C85ACA5DF}.Debug|Any CPU.Build.0 = Debug|Any CPU
		{458BB2A5-E5BE-4C8C-A2E4-754C85ACA5DF}.Release|Any CPU.ActiveCfg = Release|Any CPU
		{458BB2A5-E5BE-4C8C-A2E4-754C85ACA5DF}.Release|Any CPU.Build.0 = Release|Any CPU
	EndGlobalSection
	GlobalSection(SolutionProperties) = preSolution
		HideSolutionNode = FALSE
	EndGlobalSection
	GlobalSection(ExtensibilityGlobals) = postSolution
		SolutionGuid = {C972145F-876F-4CC8-95C3-FC3ED4A07326}
	EndGlobalSection
EndGlobal
